
Microsoft Visual Studio Solution File, Format Version 12.00
# Visual Studio Version 17
VisualStudioVersion = 17.9.34701.34
MinimumVisualStudioVersion = 10.0.40219.1
Project("{888888A0-9F3D-457C-B088-3A5042F75D52}") = "ShoppingCartPrintNamesAndPageNumber", "ShoppingCartPrintNamesAndPageNumber\ShoppingCartPrintNamesAndPageNumber.pyproj", "{6FFBAC5E-EDDC-43EB-926E-6B970490A9A3}"
EndProject
Global
	GlobalSection(SolutionConfigurationPlatforms) = preSolution
		Debug|Any CPU = Debug|Any CPU
		Release|Any CPU = Release|Any CPU
	EndGlobalSection
	GlobalSection(ProjectConfigurationPlatforms) = postSolution
		{6FFBAC5E-EDDC-43EB-926E-6B970490A9A3}.Debug|Any CPU.ActiveCfg = Debug|Any CPU
		{6FFBAC5E-EDDC-43EB-926E-6B970490A9A3}.Release|Any CPU.ActiveCfg = Release|Any CPU
	EndGlobalSection
	GlobalSection(SolutionProperties) = preSolution
		HideSolutionNode = FALSE
	EndGlobalSection
	GlobalSection(ExtensibilityGlobals) = postSolution
		SolutionGuid = {F4D29EB4-5EF7-4DB4-8D8E-AB49BC467D89}
	EndGlobalSection
EndGlobal
